
Microsoft Visual Studio Solution File, Format Version 12.00
# Visual Studio 15
VisualStudioVersion = 15.0.28307.421
MinimumVisualStudioVersion = 10.0.40219.1
Project("{FAE04EC0-301F-11D3-BF4B-00C04F79EFBC}") = "STECHPROYECT", "STECHPROYECT\STECHPROYECT.csproj", "{A4CC3144-2E63-4B1C-B745-65B8BC4F790B}"
EndProject
Project("{FAE04EC0-301F-11D3-BF4B-00C04F79EFBC}") = "BLL", "BLL\BLL.csproj", "{5A1569EE-F9E7-4B08-91A1-EA303FCB8202}"
EndProject
Project("{FAE04EC0-301F-11D3-BF4B-00C04F79EFBC}") = "DAL", "DAL\DAL.csproj", "{1B175D76-B5D6-4239-9119-A992F6D3AB73}"
EndProject
Project("{FAE04EC0-301F-11D3-BF4B-00C04F79EFBC}") = "ENTITY", "ENTITY\ENTITY.csproj", "{3F8EBC09-E66E-4F7C-BE0B-EC2702C39E73}"
EndProject
Project("{FAE04EC0-301F-11D3-BF4B-00C04F79EFBC}") = "INFRAESTRUCTURA", "INFRAESTRUCTURA\INFRAESTRUCTURA.csproj", "{A199FAE6-80CA-45FE-BF2D-E3A12F30D5DA}"
EndProject
Global
	GlobalSection(SolutionConfigurationPlatforms) = preSolution
		Debug|Any CPU = Debug|Any CPU
		Release|Any CPU = Release|Any CPU
	EndGlobalSection
	GlobalSection(ProjectConfigurationPlatforms) = postSolution
		{A4CC3144-2E63-4B1C-B745-65B8BC4F790B}.Debug|Any CPU.ActiveCfg = Debug|Any CPU
		{A4CC3144-2E63-4B1C-B745-65B8BC4F790B}.Debug|Any CPU.Build.0 = Debug|Any CPU
		{A4CC3144-2E63-4B1C-B745-65B8BC4F790B}.Release|Any CPU.ActiveCfg = Release|Any CPU
		{A4CC3144-2E63-4B1C-B745-65B8BC4F790B}.Release|Any CPU.Build.0 = Release|Any CPU
		{5A1569EE-F9E7-4B08-91A1-EA303FCB8202}.Debug|Any CPU.ActiveCfg = Debug|Any CPU
		{5A1569EE-F9E7-4B08-91A1-EA303FCB8202}.Debug|Any CPU.Build.0 = Debug|Any CPU
		{5A1569EE-F9E7-4B08-91A1-EA303FCB8202}.Release|Any CPU.ActiveCfg = Release|Any CPU
		{5A1569EE-F9E7-4B08-91A1-EA303FCB8202}.Release|Any CPU.Build.0 = Release|Any CPU
		{1B175D76-B5D6-4239-9119-A992F6D3AB73}.Debug|Any CPU.ActiveCfg = Debug|Any CPU
		{1B175D76-B5D6-4239-9119-A992F6D3AB73}.Debug|Any CPU.Build.0 = Debug|Any CPU
		{1B175D76-B5D6-4239-9119-A992F6D3AB73}.Release|Any CPU.ActiveCfg = Release|Any CPU
		{1B175D76-B5D6-4239-9119-A992F6D3AB73}.Release|Any CPU.Build.0 = Release|Any CPU
		{3F8EBC09-E66E-4F7C-BE0B-EC2702C39E73}.Debug|Any CPU.ActiveCfg = Debug|Any CPU
		{3F8EBC09-E66E-4F7C-BE0B-EC2702C39E73}.Debug|Any CPU.Build.0 = Debug|Any CPU
		{3F8EBC09-E66E-4F7C-BE0B-EC2702C39E73}.Release|Any CPU.ActiveCfg = Release|Any CPU
		{3F8EBC09-E66E-4F7C-BE0B-EC2702C39E73}.Release|Any CPU.Build.0 = Release|Any CPU
		{A199FAE6-80CA-45FE-BF2D-E3A12F30D5DA}.Debug|Any CPU.ActiveCfg = Debug|Any CPU
		{A199FAE6-80CA-45FE-BF2D-E3A12F30D5DA}.Debug|Any CPU.Build.0 = Debug|Any CPU
		{A199FAE6-80CA-45FE-BF2D-E3A12F30D5DA}.Release|Any CPU.ActiveCfg = Release|Any CPU
		{A199FAE6-80CA-45FE-BF2D-E3A12F30D5DA}.Release|Any CPU.Build.0 = Release|Any CPU
	EndGlobalSection
	GlobalSection(SolutionProperties) = preSolution
		HideSolutionNode = FALSE
	EndGlobalSection
	GlobalSection(ExtensibilityGlobals) = postSolution
		SolutionGuid = {1EA3A4D1-6ED1-4EDC-AD1B-F3DD1BB6F355}
	EndGlobalSection
EndGlobal
